{
  "originHash" : "c128f1897f263de2090fb005b2a647d3ad540265c10e8a0eae892ad3fccf0105",
  "pins" : [
    {
      "identity" : "espresso",
      "kind" : "remoteSourceControl",
      "location" : "https://github.com/superepicstudios/espresso",
      "state" : {
        "revision" : "62f203209b0b8092a849bccc689ad5ffb654417d",
        "version" : "0.0.1"
      }
    },
    {
      "identity" : "swift-async-algorithms",
      "kind" : "remoteSourceControl",
      "location" : "https://github.com/apple/swift-async-algorithms",
      "state" : {
        "revision" : "042e1c4d9d19748c9c228f8d4ebc97bb1e339b0b",
        "version" : "1.0.4"
      }
    },
    {
      "identity" : "swift-collections",
      "kind" : "remoteSourceControl",
      "location" : "https://github.com/apple/swift-collections.git",
      "state" : {
        "revision" : "671108c96644956dddcd89dd59c203dcdb36cec7",
        "version" : "1.1.4"
      }
    },
    {
      "identity" : "swift-syntax",
      "kind" : "remoteSourceControl",
      "location" : "https://github.com/swiftlang/swift-syntax.git",
      "state" : {
        "revision" : "0687f71944021d616d34d922343dcef086855920",
        "version" : "600.0.1"
      }
    }
  ],
  "version" : 3
}
